// !$*UTF8*$!
{
	archiveVersion = 1;
	classes = {
	};
	objectVersion = 46;
	objects = {

/* Begin PBXBuildFile section */
		78CCDA8D1FF106C40070C771 /* main.m in Sources */ = {isa = PBXBuildFile; fileRef = 78CCDA8C1FF106C40070C771 /* main.m */; };
		78CCDA901FF106C40070C771 /* AppDelegate.m in Sources */ = {isa = PBXBuildFile; fileRef = 78CCDA8F1FF106C40070C771 /* AppDelegate.m */; };
		78CCDA961FF106C40070C771 /* Main.storyboard in Resources */ = {isa = PBXBuildFile; fileRef = 78CCDA941FF106C40070C771 /* Main.storyboard */; };
		78CCDA981FF106C40070C771 /* Assets.xcassets in Resources */ = {isa = PBXBuildFile; fileRef = 78CCDA971FF106C40070C771 /* Assets.xcassets */; };
		78CCDA9B1FF106C40070C771 /* LaunchScreen.storyboard in Resources */ = {isa = PBXBuildFile; fileRef = 78CCDA991FF106C40070C771 /* LaunchScreen.storyboard */; };
		78CCDAA61FF106C50070C771 /* NSArrayTests.m in Sources */ = {isa = PBXBuildFile; fileRef = 78CCDAA51FF106C50070C771 /* NSArrayTests.m */; };
		78CCDAB11FF106C50070C771 /* NSArrayUITests.m in Sources */ = {isa = PBXBuildFile; fileRef = 78CCDAB01FF106C50070C771 /* NSArrayUITests.m */; };
		78CCDAC01FF11E3B0070C771 /* IGHuman.m in Sources */ = {isa = PBXBuildFile; fileRef = 78CCDABF1FF11E3B0070C771 /* IGHuman.m */; };
		78CCDAC31FF122F00070C771 /* IGSwimmer.m in Sources */ = {isa = PBXBuildFile; fileRef = 78CCDAC21FF122F00070C771 /* IGSwimmer.m */; };
		78CCDAC61FF1231A0070C771 /* IGRunner.m in Sources */ = {isa = PBXBuildFile; fileRef = 78CCDAC51FF1231A0070C771 /* IGRunner.m */; };
		78CCDAC91FF123420070C771 /* IGCyclist.m in Sources */ = {isa = PBXBuildFile; fileRef = 78CCDAC81FF123420070C771 /* IGCyclist.m */; };
		78CCDACC1FF153670070C771 /* IGStudent.m in Sources */ = {isa = PBXBuildFile; fileRef = 78CCDACB1FF153670070C771 /* IGStudent.m */; };
		78CCDAD01FF24A500070C771 /* IGAnimal.m in Sources */ = {isa = PBXBuildFile; fileRef = 78CCDACF1FF24A500070C771 /* IGAnimal.m */; };
		78CCDAD31FF24AF00070C771 /* IGTiger.m in Sources */ = {isa = PBXBuildFile; fileRef = 78CCDAD21FF24AF00070C771 /* IGTiger.m */; };
		78CCDAD61FF24B400070C771 /* IGDog.m in Sources */ = {isa = PBXBuildFile; fileRef = 78CCDAD51FF24B400070C771 /* IGDog.m */; };
/* End PBXBuildFile section */

/* Begin PBXContainerItemProxy section */
		78CCDAA21FF106C50070C771 /* PBXContainerItemProxy */ = {
			isa = PBXContainerItemProxy;
			containerPortal = 78CCDA801FF106C40070C771 /* Project object */;
			proxyType = 1;
			remoteGlobalIDString = 78CCDA871FF106C40070C771;
			remoteInfo = NSArray;
		};
		78CCDAAD1FF106C50070C771 /* PBXContainerItemProxy */ = {
			isa = PBXContainerItemProxy;
			containerPortal = 78CCDA801FF106C40070C771 /* Project object */;
			proxyType = 1;
			remoteGlobalIDString = 78CCDA871FF106C40070C771;
			remoteInfo = NSArray;
		};
/* End PBXContainerItemProxy section */

/* Begin PBXFileReference section */
		78CCDA881FF106C40070C771 /* NSArray.app */ = {isa = PBXFileReference; explicitFileType = wrapper.application; includeInIndex = 0; path = NSArray.app; sourceTree = BUILT_PRODUCTS_DIR; };
		78CCDA8C1FF106C40070C771 /* main.m */ = {isa = PBXFileReference; lastKnownFileType = sourcecode.c.objc; path = main.m; sourceTree = "<group>"; };
		78CCDA8E1FF106C40070C771 /* AppDelegate.h */ = {isa = PBXFileReference; lastKnownFileType = sourcecode.c.h; path = AppDelegate.h; sourceTree = "<group>"; };
		78CCDA8F1FF106C40070C771 /* AppDelegate.m */ = {isa = PBXFileReference; lastKnownFileType = sourcecode.c.objc; path = AppDelegate.m; sourceTree = "<group>"; };
		78CCDA951FF106C40070C771 /* Base */ = {isa = PBXFileReference; lastKnownFileType = file.storyboard; name = Base; path = Base.lproj/Main.storyboard; sourceTree = "<group>"; };
		78CCDA971FF106C40070C771 /* Assets.xcassets */ = {isa = PBXFileReference; lastKnownFileType = folder.assetcatalog; path = Assets.xcassets; sourceTree = "<group>"; };
		78CCDA9A1FF106C40070C771 /* Base */ = {isa = PBXFileReference; lastKnownFileType = file.storyboard; name = Base; path = Base.lproj/LaunchScreen.storyboard; sourceTree = "<group>"; };
		78CCDA9C1FF106C40070C771 /* Info.plist */ = {isa = PBXFileReference; lastKnownFileType = text.plist.xml; path = Info.plist; sourceTree = "<group>"; };
		78CCDAA11FF106C50070C771 /* NSArrayTests.xctest */ = {isa = PBXFileReference; explicitFileType = wrapper.cfbundle; includeInIndex = 0; path = NSArrayTests.xctest; sourceTree = BUILT_PRODUCTS_DIR; };
		78CCDAA51FF106C50070C771 /* NSArrayTests.m */ = {isa = PBXFileReference; lastKnownFileType = sourcecode.c.objc; path = NSArrayTests.m; sourceTree = "<group>"; };
		78CCDAA71FF106C50070C771 /* Info.plist */ = {isa = PBXFileReference; lastKnownFileType = text.plist.xml; path = Info.plist; sourceTree = "<group>"; };
		78CCDAAC1FF106C50070C771 /* NSArrayUITests.xctest */ = {isa = PBXFileReference; explicitFileType = wrapper.cfbundle; includeInIndex = 0; path = NSArrayUITests.xctest; sourceTree = BUILT_PRODUCTS_DIR; };
		78CCDAB01FF106C50070C771 /* NSArrayUITests.m */ = {isa = PBXFileReference; lastKnownFileType = sourcecode.c.objc; path = NSArrayUITests.m; sourceTree = "<group>"; };
		78CCDAB21FF106C50070C771 /* Info.plist */ = {isa = PBXFileReference; lastKnownFileType = text.plist.xml; path = Info.plist; sourceTree = "<group>"; };
		78CCDABE1FF11E3B0070C771 /* IGHuman.h */ = {isa = PBXFileReference; fileEncoding = 4; lastKnownFileType = sourcecode.c.h; name = IGHuman.h; path = ../IGHuman.h; sourceTree = "<group>"; };
		78CCDABF1FF11E3B0070C771 /* IGHuman.m */ = {isa = PBXFileReference; fileEncoding = 4; lastKnownFileType = sourcecode.c.objc; name = IGHuman.m; path = ../IGHuman.m; sourceTree = "<group>"; };
		78CCDAC11FF122F00070C771 /* IGSwimmer.h */ = {isa = PBXFileReference; fileEncoding = 4; lastKnownFileType = sourcecode.c.h; name = IGSwimmer.h; path = ../IGSwimmer.h; sourceTree = "<group>"; };
		78CCDAC21FF122F00070C771 /* IGSwimmer.m */ = {isa = PBXFileReference; fileEncoding = 4; lastKnownFileType = sourcecode.c.objc; name = IGSwimmer.m; path = ../IGSwimmer.m; sourceTree = "<group>"; };
		78CCDAC41FF1231A0070C771 /* IGRunner.h */ = {isa = PBXFileReference; fileEncoding = 4; lastKnownFileType = sourcecode.c.h; name = IGRunner.h; path = ../IGRunner.h; sourceTree = "<group>"; };
		78CCDAC51FF1231A0070C771 /* IGRunner.m */ = {isa = PBXFileReference; fileEncoding = 4; lastKnownFileType = sourcecode.c.objc; name = IGRunner.m; path = ../IGRunner.m; sourceTree = "<group>"; };
		78CCDAC71FF123420070C771 /* IGCyclist.h */ = {isa = PBXFileReference; fileEncoding = 4; lastKnownFileType = sourcecode.c.h; name = IGCyclist.h; path = ../IGCyclist.h; sourceTree = "<group>"; };
		78CCDAC81FF123420070C771 /* IGCyclist.m */ = {isa = PBXFileReference; fileEncoding = 4; lastKnownFileType = sourcecode.c.objc; name = IGCyclist.m; path = ../IGCyclist.m; sourceTree = "<group>"; };
		78CCDACA1FF153670070C771 /* IGStudent.h */ = {isa = PBXFileReference; fileEncoding = 4; lastKnownFileType = sourcecode.c.h; name = IGStudent.h; path = ../IGStudent.h; sourceTree = "<group>"; };
		78CCDACB1FF153670070C771 /* IGStudent.m */ = {isa = PBXFileReference; fileEncoding = 4; lastKnownFileType = sourcecode.c.objc; name = IGStudent.m; path = ../IGStudent.m; sourceTree = "<group>"; };
		78CCDACE1FF24A500070C771 /* IGAnimal.h */ = {isa = PBXFileReference; fileEncoding = 4; lastKnownFileType = sourcecode.c.h; path = IGAnimal.h; sourceTree = "<group>"; };
		78CCDACF1FF24A500070C771 /* IGAnimal.m */ = {isa = PBXFileReference; fileEncoding = 4; lastKnownFileType = sourcecode.c.objc; path = IGAnimal.m; sourceTree = "<group>"; };
		78CCDAD11FF24AF00070C771 /* IGTiger.h */ = {isa = PBXFileReference; fileEncoding = 4; lastKnownFileType = sourcecode.c.h; path = IGTiger.h; sourceTree = "<group>"; };
		78CCDAD21FF24AF00070C771 /* IGTiger.m */ = {isa = PBXFileReference; fileEncoding = 4; lastKnownFileType = sourcecode.c.objc; path = IGTiger.m; sourceTree = "<group>"; };
		78CCDAD41FF24B400070C771 /* IGDog.h */ = {isa = PBXFileReference; fileEncoding = 4; lastKnownFileType = sourcecode.c.h; path = IGDog.h; sourceTree = "<group>"; };
		78CCDAD51FF24B400070C771 /* IGDog.m */ = {isa = PBXFileReference; fileEncoding = 4; lastKnownFileType = sourcecode.c.objc; path = IGDog.m; sourceTree = "<group>"; };
/* End PBXFileReference section */

/* Begin PBXFrameworksBuildPhase section */
		78CCDA851FF106C40070C771 /* Frameworks */ = {
			isa = PBXFrameworksBuildPhase;
			buildActionMask = 2147483647;
			files = (
			);
			runOnlyForDeploymentPostprocessing = 0;
		};
		78CCDA9E1FF106C50070C771 /* Frameworks */ = {
			isa = PBXFrameworksBuildPhase;
			buildActionMask = 2147483647;
			files = (
			);
			runOnlyForDeploymentPostprocessing = 0;
		};
		78CCDAA91FF106C50070C771 /* Frameworks */ = {
			isa = PBXFrameworksBuildPhase;
			buildActionMask = 2147483647;
			files = (
			);
			runOnlyForDeploymentPostprocessing = 0;
		};
/* End PBXFrameworksBuildPhase section */

/* Begin PBXGroup section */
		78CCDA7F1FF106C40070C771 = {
			isa = PBXGroup;
			children = (
				78CCDA8A1FF106C40070C771 /* NSArray */,
				78CCDAA41FF106C50070C771 /* NSArrayTests */,
				78CCDAAF1FF106C50070C771 /* NSArrayUITests */,
				78CCDA891FF106C40070C771 /* Products */,
			);
			sourceTree = "<group>";
		};
		78CCDA891FF106C40070C771 /* Products */ = {
			isa = PBXGroup;
			children = (
				78CCDA881FF106C40070C771 /* NSArray.app */,
				78CCDAA11FF106C50070C771 /* NSArrayTests.xctest */,
				78CCDAAC1FF106C50070C771 /* NSArrayUITests.xctest */,
			);
			name = Products;
			sourceTree = "<group>";
		};
		78CCDA8A1FF106C40070C771 /* NSArray */ = {
			isa = PBXGroup;
			children = (
				78CCDACD1FF154320070C771 /* Models */,
				78CCDA8E1FF106C40070C771 /* AppDelegate.h */,
				78CCDA8F1FF106C40070C771 /* AppDelegate.m */,
				78CCDA941FF106C40070C771 /* Main.storyboard */,
				78CCDA971FF106C40070C771 /* Assets.xcassets */,
				78CCDA991FF106C40070C771 /* LaunchScreen.storyboard */,
				78CCDA9C1FF106C40070C771 /* Info.plist */,
				78CCDA8B1FF106C40070C771 /* Supporting Files */,
			);
			path = NSArray;
			sourceTree = "<group>";
		};
		78CCDA8B1FF106C40070C771 /* Supporting Files */ = {
			isa = PBXGroup;
			children = (
				78CCDA8C1FF106C40070C771 /* main.m */,
			);
			name = "Supporting Files";
			sourceTree = "<group>";
		};
		78CCDAA41FF106C50070C771 /* NSArrayTests */ = {
			isa = PBXGroup;
			children = (
				78CCDAA51FF106C50070C771 /* NSArrayTests.m */,
				78CCDAA71FF106C50070C771 /* Info.plist */,
			);
			path = NSArrayTests;
			sourceTree = "<group>";
		};
		78CCDAAF1FF106C50070C771 /* NSArrayUITests */ = {
			isa = PBXGroup;
			children = (
				78CCDAB01FF106C50070C771 /* NSArrayUITests.m */,
				78CCDAB21FF106C50070C771 /* Info.plist */,
			);
			path = NSArrayUITests;
			sourceTree = "<group>";
		};
		78CCDACD1FF154320070C771 /* Models */ = {
			isa = PBXGroup;
			children = (
				78CCDABE1FF11E3B0070C771 /* IGHuman.h */,
				78CCDABF1FF11E3B0070C771 /* IGHuman.m */,
				78CCDAC11FF122F00070C771 /* IGSwimmer.h */,
				78CCDAC21FF122F00070C771 /* IGSwimmer.m */,
				78CCDAC71FF123420070C771 /* IGCyclist.h */,
				78CCDAC81FF123420070C771 /* IGCyclist.m */,
				78CCDAC41FF1231A0070C771 /* IGRunner.h */,
				78CCDAC51FF1231A0070C771 /* IGRunner.m */,
				78CCDACA1FF153670070C771 /* IGStudent.h */,
				78CCDACB1FF153670070C771 /* IGStudent.m */,
				78CCDACE1FF24A500070C771 /* IGAnimal.h */,
				78CCDACF1FF24A500070C771 /* IGAnimal.m */,
				78CCDAD11FF24AF00070C771 /* IGTiger.h */,
				78CCDAD21FF24AF00070C771 /* IGTiger.m */,
				78CCDAD41FF24B400070C771 /* IGDog.h */,
				78CCDAD51FF24B400070C771 /* IGDog.m */,
			);
			path = Models;
			sourceTree = "<group>";
		};
/* End PBXGroup section */

/* Begin PBXNativeTarget section */
		78CCDA871FF106C40070C771 /* NSArray */ = {
			isa = PBXNativeTarget;
			buildConfigurationList = 78CCDAB51FF106C50070C771 /* Build configuration list for PBXNativeTarget "NSArray" */;
			buildPhases = (
				78CCDA841FF106C40070C771 /* Sources */,
				78CCDA851FF106C40070C771 /* Frameworks */,
				78CCDA861FF106C40070C771 /* Resources */,
			);
			buildRules = (
			);
			dependencies = (
			);
			name = NSArray;
			productName = NSArray;
			productReference = 78CCDA881FF106C40070C771 /* NSArray.app */;
			productType = "com.apple.product-type.application";
		};
		78CCDAA01FF106C50070C771 /* NSArrayTests */ = {
			isa = PBXNativeTarget;
			buildConfigurationList = 78CCDAB81FF106C50070C771 /* Build configuration list for PBXNativeTarget "NSArrayTests" */;
			buildPhases = (
				78CCDA9D1FF106C50070C771 /* Sources */,
				78CCDA9E1FF106C50070C771 /* Frameworks */,
				78CCDA9F1FF106C50070C771 /* Resources */,
			);
			buildRules = (
			);
			dependencies = (
				78CCDAA31FF106C50070C771 /* PBXTargetDependency */,
			);
			name = NSArrayTests;
			productName = NSArrayTests;
			productReference = 78CCDAA11FF106C50070C771 /* NSArrayTests.xctest */;
			productType = "com.apple.product-type.bundle.unit-test";
		};
		78CCDAAB1FF106C50070C771 /* NSArrayUITests */ = {
			isa = PBXNativeTarget;
			buildConfigurationList = 78CCDABB1FF106C50070C771 /* Build configuration list for PBXNativeTarget "NSArrayUITests" */;
			buildPhases = (
				78CCDAA81FF106C50070C771 /* Sources */,
				78CCDAA91FF106C50070C771 /* Frameworks */,
				78CCDAAA1FF106C50070C771 /* Resources */,
			);
			buildRules = (
			);
			dependencies = (
				78CCDAAE1FF106C50070C771 /* PBXTargetDependency */,
			);
			name = NSArrayUITests;
			productName = NSArrayUITests;
			productReference = 78CCDAAC1FF106C50070C771 /* NSArrayUITests.xctest */;
			productType = "com.apple.product-type.bundle.ui-testing";
		};
/* End PBXNativeTarget section */

/* Begin PBXProject section */
		78CCDA801FF106C40070C771 /* Project object */ = {
			isa = PBXProject;
			attributes = {
				CLASSPREFIX = IG;
				LastUpgradeCheck = 0820;
				ORGANIZATIONNAME = "Igor Guk";
				TargetAttributes = {
					78CCDA871FF106C40070C771 = {
						CreatedOnToolsVersion = 8.2.1;
						ProvisioningStyle = Automatic;
					};
					78CCDAA01FF106C50070C771 = {
						CreatedOnToolsVersion = 8.2.1;
						ProvisioningStyle = Automatic;
						TestTargetID = 78CCDA871FF106C40070C771;
					};
					78CCDAAB1FF106C50070C771 = {
						CreatedOnToolsVersion = 8.2.1;
						ProvisioningStyle = Automatic;
						TestTargetID = 78CCDA871FF106C40070C771;
					};
				};
			};
			buildConfigurationList = 78CCDA831FF106C40070C771 /* Build configuration list for PBXProject "NSArray" */;
			compatibilityVersion = "Xcode 3.2";
			developmentRegion = English;
			hasScannedForEncodings = 0;
			knownRegions = (
				en,
				Base,
			);
			mainGroup = 78CCDA7F1FF106C40070C771;
			productRefGroup = 78CCDA891FF106C40070C771 /* Products */;
			projectDirPath = "";
			projectRoot = "";
			targets = (
				78CCDA871FF106C40070C771 /* NSArray */,
				78CCDAA01FF106C50070C771 /* NSArrayTests */,
				78CCDAAB1FF106C50070C771 /* NSArrayUITests */,
			);
		};
/* End PBXProject section */

/* Begin PBXResourcesBuildPhase section */
		78CCDA861FF106C40070C771 /* Resources */ = {
			isa = PBXResourcesBuildPhase;
			buildActionMask = 2147483647;
			files = (
				78CCDA9B1FF106C40070C771 /* LaunchScreen.storyboard in Resources */,
				78CCDA981FF106C40070C771 /* Assets.xcassets in Resources */,
				78CCDA961FF106C40070C771 /* Main.storyboard in Resources */,
			);
			runOnlyForDeploymentPostprocessing = 0;
		};
		78CCDA9F1FF106C50070C771 /* Resources */ = {
			isa = PBXResourcesBuildPhase;
			buildActionMask = 2147483647;
			files = (
			);
			runOnlyForDeploymentPostprocessing = 0;
		};
		78CCDAAA1FF106C50070C771 /* Resources */ = {
			isa = PBXResourcesBuildPhase;
			buildActionMask = 2147483647;
			files = (
			);
			runOnlyForDeploymentPostprocessing = 0;
		};
/* End PBXResourcesBuildPhase section */

/* Begin PBXSourcesBuildPhase section */
		78CCDA841FF106C40070C771 /* Sources */ = {
			isa = PBXSourcesBuildPhase;
			buildActionMask = 2147483647;
			files = (
				78CCDA901FF106C40070C771 /* AppDelegate.m in Sources */,
				78CCDAC91FF123420070C771 /* IGCyclist.m in Sources */,
				78CCDAD61FF24B400070C771 /* IGDog.m in Sources */,
				78CCDAC01FF11E3B0070C771 /* IGHuman.m in Sources */,
				78CCDAC31FF122F00070C771 /* IGSwimmer.m in Sources */,
				78CCDAD31FF24AF00070C771 /* IGTiger.m in Sources */,
				78CCDAC61FF1231A0070C771 /* IGRunner.m in Sources */,
				78CCDACC1FF153670070C771 /* IGStudent.m in Sources */,
				78CCDA8D1FF106C40070C771 /* main.m in Sources */,
				78CCDAD01FF24A500070C771 /* IGAnimal.m in Sources */,
			);
			runOnlyForDeploymentPostprocessing = 0;
		};
		78CCDA9D1FF106C50070C771 /* Sources */ = {
			isa = PBXSourcesBuildPhase;
			buildActionMask = 2147483647;
			files = (
				78CCDAA61FF106C50070C771 /* NSArrayTests.m in Sources */,
			);
			runOnlyForDeploymentPostprocessing = 0;
		};
		78CCDAA81FF106C50070C771 /* Sources */ = {
			isa = PBXSourcesBuildPhase;
			buildActionMask = 2147483647;
			files = (
				78CCDAB11FF106C50070C771 /* NSArrayUITests.m in Sources */,
			);
			runOnlyForDeploymentPostprocessing = 0;
		};
/* End PBXSourcesBuildPhase section */

/* Begin PBXTargetDependency section */
		78CCDAA31FF106C50070C771 /* PBXTargetDependency */ = {
			isa = PBXTargetDependency;
			target = 78CCDA871FF106C40070C771 /* NSArray */;
			targetProxy = 78CCDAA21FF106C50070C771 /* PBXContainerItemProxy */;
		};
		78CCDAAE1FF106C50070C771 /* PBXTargetDependency */ = {
			isa = PBXTargetDependency;
			target = 78CCDA871FF106C40070C771 /* NSArray */;
			targetProxy = 78CCDAAD1FF106C50070C771 /* PBXContainerItemProxy */;
		};
/* End PBXTargetDependency section */

/* Begin PBXVariantGroup section */
		78CCDA941FF106C40070C771 /* Main.storyboard */ = {
			isa = PBXVariantGroup;
			children = (
				78CCDA951FF106C40070C771 /* Base */,
			);
			name = Main.storyboard;
			sourceTree = "<group>";
		};
		78CCDA991FF106C40070C771 /* LaunchScreen.storyboard */ = {
			isa = PBXVariantGroup;
			children = (
				78CCDA9A1FF106C40070C771 /* Base */,
			);
			name = LaunchScreen.storyboard;
			sourceTree = "<group>";
		};
/* End PBXVariantGroup section */

/* Begin XCBuildConfiguration section */
		78CCDAB31FF106C50070C771 /* Debug */ = {
			isa = XCBuildConfiguration;
			buildSettings = {
				ALWAYS_SEARCH_USER_PATHS = NO;
				CLANG_ANALYZER_NONNULL = YES;
				CLANG_CXX_LANGUAGE_STANDARD = "gnu++0x";
				CLANG_CXX_LIBRARY = "libc++";
				CLANG_ENABLE_MODULES = YES;
				CLANG_ENABLE_OBJC_ARC = YES;
				CLANG_WARN_BOOL_CONVERSION = YES;
				CLANG_WARN_CONSTANT_CONVERSION = YES;
				CLANG_WARN_DIRECT_OBJC_ISA_USAGE = YES_ERROR;
				CLANG_WARN_DOCUMENTATION_COMMENTS = YES;
				CLANG_WARN_EMPTY_BODY = YES;
				CLANG_WARN_ENUM_CONVERSION = YES;
				CLANG_WARN_INFINITE_RECURSION = YES;
				CLANG_WARN_INT_CONVERSION = YES;
				CLANG_WARN_OBJC_ROOT_CLASS = YES_ERROR;
				CLANG_WARN_SUSPICIOUS_MOVE = YES;
				CLANG_WARN_UNREACHABLE_CODE = YES;
				CLANG_WARN__DUPLICATE_METHOD_MATCH = YES;
				"CODE_SIGN_IDENTITY[sdk=iphoneos*]" = "iPhone Developer";
				COPY_PHASE_STRIP = NO;
				DEBUG_INFORMATION_FORMAT = dwarf;
				ENABLE_STRICT_OBJC_MSGSEND = YES;
				ENABLE_TESTABILITY = YES;
				GCC_C_LANGUAGE_STANDARD = gnu99;
				GCC_DYNAMIC_NO_PIC = NO;
				GCC_NO_COMMON_BLOCKS = YES;
				GCC_OPTIMIZATION_LEVEL = 0;
				GCC_PREPROCESSOR_DEFINITIONS = (
					"DEBUG=1",
					"$(inherited)",
				);
				GCC_WARN_64_TO_32_BIT_CONVERSION = YES;
				GCC_WARN_ABOUT_RETURN_TYPE = YES_ERROR;
				GCC_WARN_UNDECLARED_SELECTOR = YES;
				GCC_WARN_UNINITIALIZED_AUTOS = YES_AGGRESSIVE;
				GCC_WARN_UNUSED_FUNCTION = YES;
				GCC_WARN_UNUSED_VARIABLE = YES;
				IPHONEOS_DEPLOYMENT_TARGET = 10.2;
				MTL_ENABLE_DEBUG_INFO = YES;
				ONLY_ACTIVE_ARCH = YES;
				SDKROOT = iphoneos;
				TARGETED_DEVICE_FAMILY = "1,2";
			};
			name = Debug;
		};
		78CCDAB41FF106C50070C771 /* Release */ = {
			isa = XCBuildConfiguration;
			buildSettings = {
				ALWAYS_SEARCH_USER_PATHS = NO;
				CLANG_ANALYZER_NONNULL = YES;
				CLANG_CXX_LANGUAGE_STANDARD = "gnu++0x";
				CLANG_CXX_LIBRARY = "libc++";
				CLANG_ENABLE_MODULES = YES;
				CLANG_ENABLE_OBJC_ARC = YES;
				CLANG_WARN_BOOL_CONVERSION = YES;
				CLANG_WARN_CONSTANT_CONVERSION = YES;
				CLANG_WARN_DIRECT_OBJC_ISA_USAGE = YES_ERROR;
				CLANG_WARN_DOCUMENTATION_COMMENTS = YES;
				CLANG_WARN_EMPTY_BODY = YES;
				CLANG_WARN_ENUM_CONVERSION = YES;
				CLANG_WARN_INFINITE_RECURSION = YES;
				CLANG_WARN_INT_CONVERSION = YES;
				CLANG_WARN_OBJC_ROOT_CLASS = YES_ERROR;
				CLANG_WARN_SUSPICIOUS_MOVE = YES;
				CLANG_WARN_UNREACHABLE_CODE = YES;
				CLANG_WARN__DUPLICATE_METHOD_MATCH = YES;
				"CODE_SIGN_IDENTITY[sdk=iphoneos*]" = "iPhone Developer";
				COPY_PHASE_STRIP = NO;
				DEBUG_INFORMATION_FORMAT = "dwarf-with-dsym";
				ENABLE_NS_ASSERTIONS = NO;
				ENABLE_STRICT_OBJC_MSGSEND = YES;
				GCC_C_LANGUAGE_STANDARD = gnu99;
				GCC_NO_COMMON_BLOCKS = YES;
				GCC_WARN_64_TO_32_BIT_CONVERSION = YES;
				GCC_WARN_ABOUT_RETURN_TYPE = YES_ERROR;
				GCC_WARN_UNDECLARED_SELECTOR = YES;
				GCC_WARN_UNINITIALIZED_AUTOS = YES_AGGRESSIVE;
				GCC_WARN_UNUSED_FUNCTION = YES;
				GCC_WARN_UNUSED_VARIABLE = YES;
				IPHONEOS_DEPLOYMENT_TARGET = 10.2;
				MTL_ENABLE_DEBUG_INFO = NO;
				SDKROOT = iphoneos;
				TARGETED_DEVICE_FAMILY = "1,2";
				VALIDATE_PRODUCT = YES;
			};
			name = Release;
		};
		78CCDAB61FF106C50070C771 /* Debug */ = {
			isa = XCBuildConfiguration;
			buildSettings = {
				ASSETCATALOG_COMPILER_APPICON_NAME = AppIcon;
				INFOPLIST_FILE = NSArray/Info.plist;
				IPHONEOS_DEPLOYMENT_TARGET = 8.0;
				LD_RUNPATH_SEARCH_PATHS = "$(inherited) @executable_path/Frameworks";
				PRODUCT_BUNDLE_IDENTIFIER = IG.NSArray;
				PRODUCT_NAME = "$(TARGET_NAME)";
			};
			name = Debug;
		};
		78CCDAB71FF106C50070C771 /* Release */ = {
			isa = XCBuildConfiguration;
			buildSettings = {
				ASSETCATALOG_COMPILER_APPICON_NAME = AppIcon;
				INFOPLIST_FILE = NSArray/Info.plist;
				IPHONEOS_DEPLOYMENT_TARGET = 8.0;
				LD_RUNPATH_SEARCH_PATHS = "$(inherited) @executable_path/Frameworks";
				PRODUCT_BUNDLE_IDENTIFIER = IG.NSArray;
				PRODUCT_NAME = "$(TARGET_NAME)";
			};
			name = Release;
		};
		78CCDAB91FF106C50070C771 /* Debug */ = {
			isa = XCBuildConfiguration;
			buildSettings = {
				BUNDLE_LOADER = "$(TEST_HOST)";
				INFOPLIST_FILE = NSArrayTests/Info.plist;
				LD_RUNPATH_SEARCH_PATHS = "$(inherited) @executable_path/Frameworks @loader_path/Frameworks";
				PRODUCT_BUNDLE_IDENTIFIER = IG.NSArrayTests;
				PRODUCT_NAME = "$(TARGET_NAME)";
				TEST_HOST = "$(BUILT_PRODUCTS_DIR)/NSArray.app/NSArray";
			};
			name = Debug;
		};
		78CCDABA1FF106C50070C771 /* Release */ = {
			isa = XCBuildConfiguration;
			buildSettings = {
				BUNDLE_LOADER = "$(TEST_HOST)";
				INFOPLIST_FILE = NSArrayTests/Info.plist;
				LD_RUNPATH_SEARCH_PATHS = "$(inherited) @executable_path/Frameworks @loader_path/Frameworks";
				PRODUCT_BUNDLE_IDENTIFIER = IG.NSArrayTests;
				PRODUCT_NAME = "$(TARGET_NAME)";
				TEST_HOST = "$(BUILT_PRODUCTS_DIR)/NSArray.app/NSArray";
			};
			name = Release;
		};
		78CCDABC1FF106C50070C771 /* Debug */ = {
			isa = XCBuildConfiguration;
			buildSettings = {
				INFOPLIST_FILE = NSArrayUITests/Info.plist;
				LD_RUNPATH_SEARCH_PATHS = "$(inherited) @executable_path/Frameworks @loader_path/Frameworks";
				PRODUCT_BUNDLE_IDENTIFIER = IG.NSArrayUITests;
				PRODUCT_NAME = "$(TARGET_NAME)";
				TEST_TARGET_NAME = NSArray;
			};
			name = Debug;
		};
		78CCDABD1FF106C50070C771 /* Release */ = {
			isa = XCBuildConfiguration;
			buildSettings = {
				INFOPLIST_FILE = NSArrayUITests/Info.plist;
				LD_RUNPATH_SEARCH_PATHS = "$(inherited) @executable_path/Frameworks @loader_path/Frameworks";
				PRODUCT_BUNDLE_IDENTIFIER = IG.NSArrayUITests;
				PRODUCT_NAME = "$(TARGET_NAME)";
				TEST_TARGET_NAME = NSArray;
			};
			name = Release;
		};
/* End XCBuildConfiguration section */

/* Begin XCConfigurationList section */
		78CCDA831FF106C40070C771 /* Build configuration list for PBXProject "NSArray" */ = {
			isa = XCConfigurationList;
			buildConfigurations = (
				78CCDAB31FF106C50070C771 /* Debug */,
				78CCDAB41FF106C50070C771 /* Release */,
			);
			defaultConfigurationIsVisible = 0;
			defaultConfigurationName = Release;
		};
		78CCDAB51FF106C50070C771 /* Build configuration list for PBXNativeTarget "NSArray" */ = {
			isa = XCConfigurationList;
			buildConfigurations = (
				78CCDAB61FF106C50070C771 /* Debug */,
				78CCDAB71FF106C50070C771 /* Release */,
			);
			defaultConfigurationIsVisible = 0;
		};
		78CCDAB81FF106C50070C771 /* Build configuration list for PBXNativeTarget "NSArrayTests" */ = {
			isa = XCConfigurationList;
			buildConfigurations = (
				78CCDAB91FF106C50070C771 /* Debug */,
				78CCDABA1FF106C50070C771 /* Release */,
			);
			defaultConfigurationIsVisible = 0;
		};
		78CCDABB1FF106C50070C771 /* Build configuration list for PBXNativeTarget "NSArrayUITests" */ = {
			isa = XCConfigurationList;
			buildConfigurations = (
				78CCDABC1FF106C50070C771 /* Debug */,
				78CCDABD1FF106C50070C771 /* Release */,
			);
			defaultConfigurationIsVisible = 0;
		};
/* End XCConfigurationList section */
	};
	rootObject = 78CCDA801FF106C40070C771 /* Project object */;
}
